
Microsoft Visual Studio Solution File, Format Version 12.00
# Visual Studio 15
VisualStudioVersion = 15.0.27428.2037
MinimumVisualStudioVersion = 10.0.40219.1
Project("{FAE04EC0-301F-11D3-BF4B-00C04F79EFBC}") = "BlocknoteApp", "BlocknoteApp\BlocknoteApp.csproj", "{59847DDC-67A3-4849-A2D6-45C28B0145DE}"
EndProject
Global
	GlobalSection(SolutionConfigurationPlatforms) = preSolution
		Debug|Any CPU = Debug|Any CPU
		Release|Any CPU = Release|Any CPU
	EndGlobalSection
	GlobalSection(ProjectConfigurationPlatforms) = postSolution
		{59847DDC-67A3-4849-A2D6-45C28B0145DE}.Debug|Any CPU.ActiveCfg = Debug|Any CPU
		{59847DDC-67A3-4849-A2D6-45C28B0145DE}.Debug|Any CPU.Build.0 = Debug|Any CPU
		{59847DDC-67A3-4849-A2D6-45C28B0145DE}.Release|Any CPU.ActiveCfg = Release|Any CPU
		{59847DDC-67A3-4849-A2D6-45C28B0145DE}.Release|Any CPU.Build.0 = Release|Any CPU
	EndGlobalSection
	GlobalSection(SolutionProperties) = preSolution
		HideSolutionNode = FALSE
	EndGlobalSection
	GlobalSection(ExtensibilityGlobals) = postSolution
		SolutionGuid = {91D71591-ABBC-4A42-AEB2-BB36D0406C19}
	EndGlobalSection
EndGlobal
